
Microsoft Visual Studio Solution File, Format Version 12.00
# Visual Studio Version 17
VisualStudioVersion = 17.9.34728.123
MinimumVisualStudioVersion = 10.0.40219.1
Project("{FAE04EC0-301F-11D3-BF4B-00C04F79EFBC}") = "eMenu", "eMenu\eMenu.csproj", "{CDA7F5BA-4AC3-4112-BF9D-C482A91E420E}"
EndProject
Global
	GlobalSection(SolutionConfigurationPlatforms) = preSolution
		Debug|Any CPU = Debug|Any CPU
		Release|Any CPU = Release|Any CPU
	EndGlobalSection
	GlobalSection(ProjectConfigurationPlatforms) = postSolution
		{CDA7F5BA-4AC3-4112-BF9D-C482A91E420E}.Debug|Any CPU.ActiveCfg = Debug|Any CPU
		{CDA7F5BA-4AC3-4112-BF9D-C482A91E420E}.Debug|Any CPU.Build.0 = Debug|Any CPU
		{CDA7F5BA-4AC3-4112-BF9D-C482A91E420E}.Release|Any CPU.ActiveCfg = Release|Any CPU
		{CDA7F5BA-4AC3-4112-BF9D-C482A91E420E}.Release|Any CPU.Build.0 = Release|Any CPU
	EndGlobalSection
	GlobalSection(SolutionProperties) = preSolution
		HideSolutionNode = FALSE
	EndGlobalSection
	GlobalSection(ExtensibilityGlobals) = postSolution
		SolutionGuid = {27CF2076-2A51-449B-BB88-53EA18398E53}
	EndGlobalSection
EndGlobal
